
Microsoft Visual Studio Solution File, Format Version 12.00
# Visual Studio 2013
VisualStudioVersion = 12.0.30501.0
MinimumVisualStudioVersion = 10.0.40219.1
Project("{2150E333-8FDC-42A3-9474-1A3956D46DE8}") = ".nuget", ".nuget", "{31343D89-C6F5-4397-91EC-2DF4CCAA849B}"
	ProjectSection(SolutionItems) = preProject
		IntegrationTests.testsettings = IntegrationTests.testsettings
		.nuget\packages.config = .nuget\packages.config
		UnitTests.testsettings = UnitTests.testsettings
	EndProjectSection
EndProject
Project("{2150E333-8FDC-42A3-9474-1A3956D46DE8}") = "Documentation", "Documentation", "{3F08C5C4-EBE3-49FE-8C3D-B5DCD230FACC}"
	ProjectSection(SolutionItems) = preProject
		Machine Config.txt = Machine Config.txt
	EndProjectSection
EndProject
Project("{2150E333-8FDC-42A3-9474-1A3956D46DE8}") = "Solution Items", "Solution Items", "{051242FC-6944-44A6-9C47-88C04DF0F75A}"
EndProject
Project("{2150E333-8FDC-42A3-9474-1A3956D46DE8}") = "Build", "Build", "{6F14A947-1316-4CF7-ADD6-8F20A2BB453E}"
	ProjectSection(SolutionItems) = preProject
		app.config.transform = app.config.transform
		Build.targets = Build.targets
		CrmAdo.nuspec = CrmAdo.nuspec
		web.config.transform = web.config.transform
	EndProjectSection
EndProject
Project("{FAE04EC0-301F-11D3-BF4B-00C04F79EFBC}") = "CrmAdo", "CrmAdo\CrmAdo.csproj", "{61D9051D-4C85-419F-97DC-D56D4A72C5E3}"
EndProject
Project("{FAE04EC0-301F-11D3-BF4B-00C04F79EFBC}") = "CrmAdo.Tests", "CrmAdo.Tests\CrmAdo.Tests.csproj", "{35FB72AA-FD92-4A2D-9E52-B5E221687E56}"
EndProject
Project("{FAE04EC0-301F-11D3-BF4B-00C04F79EFBC}") = "CrmAdo.IntegrationTests", "CrmAdo.IntegrationTests\CrmAdo.IntegrationTests.csproj", "{050B2CC8-C601-4792-B0B7-50B4514C618B}"
EndProject
Project("{FAE04EC0-301F-11D3-BF4B-00C04F79EFBC}") = "CrmAdo.Ddex", "CrmAdo.DDEX\CrmAdo.Ddex.csproj", "{A3E7B916-D0C3-4FEB-8F24-7208B36C28F4}"
EndProject
Project("{FAE04EC0-301F-11D3-BF4B-00C04F79EFBC}") = "CrmEF", "CrmEF\CrmEF.csproj", "{D9372B45-9334-4997-BF80-3F0383F7BB3C}"
EndProject
Project("{2150E333-8FDC-42A3-9474-1A3956D46DE8}") = "Test", "Test", "{0873ABB3-96CD-4F00-A291-D98860388834}"
EndProject
Project("{FAE04EC0-301F-11D3-BF4B-00C04F79EFBC}") = "CrmAdo.DdexProvider2013", "CrmAdo.VsPackage\CrmAdo.DdexProvider2013.csproj", "{9024366D-45C9-47BA-8D20-F88975A7ED7C}"
EndProject
Project("{FAE04EC0-301F-11D3-BF4B-00C04F79EFBC}") = "CrmAdo.VsPackage_IntegrationTests", "CrmAdo.VsPackage\CrmAdo.VsPackage_IntegrationTests\CrmAdo.VsPackage_IntegrationTests.csproj", "{39ADB5D3-D6D2-46DC-98DE-871B1F8EC4E7}"
EndProject
Global
	GlobalSection(SolutionConfigurationPlatforms) = preSolution
		Debug|Any CPU = Debug|Any CPU
		Debug|x64 = Debug|x64
		IntegrationTesting|Any CPU = IntegrationTesting|Any CPU
		IntegrationTesting|x64 = IntegrationTesting|x64
		Release 4.0|Any CPU = Release 4.0|Any CPU
		Release 4.0|x64 = Release 4.0|x64
		Release 4.5|Any CPU = Release 4.5|Any CPU
		Release 4.5|x64 = Release 4.5|x64
		Release|Any CPU = Release|Any CPU
		Release|x64 = Release|x64
	EndGlobalSection
	GlobalSection(ProjectConfigurationPlatforms) = postSolution
		{61D9051D-4C85-419F-97DC-D56D4A72C5E3}.Debug|Any CPU.ActiveCfg = Debug|Any CPU
		{61D9051D-4C85-419F-97DC-D56D4A72C5E3}.Debug|Any CPU.Build.0 = Debug|Any CPU
		{61D9051D-4C85-419F-97DC-D56D4A72C5E3}.Debug|x64.ActiveCfg = Debug|Any CPU
		{61D9051D-4C85-419F-97DC-D56D4A72C5E3}.IntegrationTesting|Any CPU.ActiveCfg = IntegrationTesting|Any CPU
		{61D9051D-4C85-419F-97DC-D56D4A72C5E3}.IntegrationTesting|Any CPU.Build.0 = IntegrationTesting|Any CPU
		{61D9051D-4C85-419F-97DC-D56D4A72C5E3}.IntegrationTesting|x64.ActiveCfg = IntegrationTesting|Any CPU
		{61D9051D-4C85-419F-97DC-D56D4A72C5E3}.Release 4.0|Any CPU.ActiveCfg = Release 4.0|Any CPU
		{61D9051D-4C85-419F-97DC-D56D4A72C5E3}.Release 4.0|Any CPU.Build.0 = Release 4.0|Any CPU
		{61D9051D-4C85-419F-97DC-D56D4A72C5E3}.Release 4.0|x64.ActiveCfg = Release 4.0|Any CPU
		{61D9051D-4C85-419F-97DC-D56D4A72C5E3}.Release 4.5|Any CPU.ActiveCfg = Release 4.5|Any CPU
		{61D9051D-4C85-419F-97DC-D56D4A72C5E3}.Release 4.5|Any CPU.Build.0 = Release 4.5|Any CPU
		{61D9051D-4C85-419F-97DC-D56D4A72C5E3}.Release 4.5|x64.ActiveCfg = Release 4.5|Any CPU
		{61D9051D-4C85-419F-97DC-D56D4A72C5E3}.Release|Any CPU.ActiveCfg = Release|Any CPU
		{61D9051D-4C85-419F-97DC-D56D4A72C5E3}.Release|Any CPU.Build.0 = Release|Any CPU
		{61D9051D-4C85-419F-97DC-D56D4A72C5E3}.Release|x64.ActiveCfg = Release|Any CPU
		{35FB72AA-FD92-4A2D-9E52-B5E221687E56}.Debug|Any CPU.ActiveCfg = Debug|Any CPU
		{35FB72AA-FD92-4A2D-9E52-B5E221687E56}.Debug|Any CPU.Build.0 = Debug|Any CPU
		{35FB72AA-FD92-4A2D-9E52-B5E221687E56}.Debug|x64.ActiveCfg = Debug|Any CPU
		{35FB72AA-FD92-4A2D-9E52-B5E221687E56}.IntegrationTesting|Any CPU.ActiveCfg = IntegrationTesting|Any CPU
		{35FB72AA-FD92-4A2D-9E52-B5E221687E56}.IntegrationTesting|Any CPU.Build.0 = IntegrationTesting|Any CPU
		{35FB72AA-FD92-4A2D-9E52-B5E221687E56}.IntegrationTesting|x64.ActiveCfg = IntegrationTesting|Any CPU
		{35FB72AA-FD92-4A2D-9E52-B5E221687E56}.Release 4.0|Any CPU.ActiveCfg = Release|Any CPU
		{35FB72AA-FD92-4A2D-9E52-B5E221687E56}.Release 4.0|Any CPU.Build.0 = Release|Any CPU
		{35FB72AA-FD92-4A2D-9E52-B5E221687E56}.Release 4.0|x64.ActiveCfg = Release|Any CPU
		{35FB72AA-FD92-4A2D-9E52-B5E221687E56}.Release 4.5|Any CPU.ActiveCfg = Release|Any CPU
		{35FB72AA-FD92-4A2D-9E52-B5E221687E56}.Release 4.5|Any CPU.Build.0 = Release|Any CPU
		{35FB72AA-FD92-4A2D-9E52-B5E221687E56}.Release 4.5|x64.ActiveCfg = Release|Any CPU
		{35FB72AA-FD92-4A2D-9E52-B5E221687E56}.Release|Any CPU.ActiveCfg = Release|Any CPU
		{35FB72AA-FD92-4A2D-9E52-B5E221687E56}.Release|Any CPU.Build.0 = Release|Any CPU
		{35FB72AA-FD92-4A2D-9E52-B5E221687E56}.Release|x64.ActiveCfg = Release|Any CPU
		{050B2CC8-C601-4792-B0B7-50B4514C618B}.Debug|Any CPU.ActiveCfg = Debug|Any CPU
		{050B2CC8-C601-4792-B0B7-50B4514C618B}.Debug|Any CPU.Build.0 = Debug|Any CPU
		{050B2CC8-C601-4792-B0B7-50B4514C618B}.Debug|x64.ActiveCfg = Debug|Any CPU
		{050B2CC8-C601-4792-B0B7-50B4514C618B}.IntegrationTesting|Any CPU.ActiveCfg = IntegrationTesting|Any CPU
		{050B2CC8-C601-4792-B0B7-50B4514C618B}.IntegrationTesting|Any CPU.Build.0 = IntegrationTesting|Any CPU
		{050B2CC8-C601-4792-B0B7-50B4514C618B}.IntegrationTesting|x64.ActiveCfg = IntegrationTesting|Any CPU
		{050B2CC8-C601-4792-B0B7-50B4514C618B}.Release 4.0|Any CPU.ActiveCfg = Release|Any CPU
		{050B2CC8-C601-4792-B0B7-50B4514C618B}.Release 4.0|Any CPU.Build.0 = Release|Any CPU
		{050B2CC8-C601-4792-B0B7-50B4514C618B}.Release 4.0|x64.ActiveCfg = Release|Any CPU
		{050B2CC8-C601-4792-B0B7-50B4514C618B}.Release 4.5|Any CPU.ActiveCfg = Release|Any CPU
		{050B2CC8-C601-4792-B0B7-50B4514C618B}.Release 4.5|Any CPU.Build.0 = Release|Any CPU
		{050B2CC8-C601-4792-B0B7-50B4514C618B}.Release 4.5|x64.ActiveCfg = Release|Any CPU
		{050B2CC8-C601-4792-B0B7-50B4514C618B}.Release|Any CPU.ActiveCfg = Release|Any CPU
		{050B2CC8-C601-4792-B0B7-50B4514C618B}.Release|Any CPU.Build.0 = Release|Any CPU
		{050B2CC8-C601-4792-B0B7-50B4514C618B}.Release|x64.ActiveCfg = Release|Any CPU
		{A3E7B916-D0C3-4FEB-8F24-7208B36C28F4}.Debug|Any CPU.ActiveCfg = Debug|Any CPU
		{A3E7B916-D0C3-4FEB-8F24-7208B36C28F4}.Debug|Any CPU.Build.0 = Debug|Any CPU
		{A3E7B916-D0C3-4FEB-8F24-7208B36C28F4}.Debug|x64.ActiveCfg = Debug|Any CPU
		{A3E7B916-D0C3-4FEB-8F24-7208B36C28F4}.IntegrationTesting|Any CPU.ActiveCfg = Release|Any CPU
		{A3E7B916-D0C3-4FEB-8F24-7208B36C28F4}.IntegrationTesting|Any CPU.Build.0 = Release|Any CPU
		{A3E7B916-D0C3-4FEB-8F24-7208B36C28F4}.IntegrationTesting|x64.ActiveCfg = Release|Any CPU
		{A3E7B916-D0C3-4FEB-8F24-7208B36C28F4}.Release 4.0|Any CPU.ActiveCfg = Release|Any CPU
		{A3E7B916-D0C3-4FEB-8F24-7208B36C28F4}.Release 4.0|Any CPU.Build.0 = Release|Any CPU
		{A3E7B916-D0C3-4FEB-8F24-7208B36C28F4}.Release 4.0|x64.ActiveCfg = Release|Any CPU
		{A3E7B916-D0C3-4FEB-8F24-7208B36C28F4}.Release 4.5|Any CPU.ActiveCfg = Release|Any CPU
		{A3E7B916-D0C3-4FEB-8F24-7208B36C28F4}.Release 4.5|Any CPU.Build.0 = Release|Any CPU
		{A3E7B916-D0C3-4FEB-8F24-7208B36C28F4}.Release 4.5|x64.ActiveCfg = Release|Any CPU
		{A3E7B916-D0C3-4FEB-8F24-7208B36C28F4}.Release|Any CPU.ActiveCfg = Release|Any CPU
		{A3E7B916-D0C3-4FEB-8F24-7208B36C28F4}.Release|Any CPU.Build.0 = Release|Any CPU
		{A3E7B916-D0C3-4FEB-8F24-7208B36C28F4}.Release|x64.ActiveCfg = Release|Any CPU
		{D9372B45-9334-4997-BF80-3F0383F7BB3C}.Debug|Any CPU.ActiveCfg = Debug|Any CPU
		{D9372B45-9334-4997-BF80-3F0383F7BB3C}.Debug|Any CPU.Build.0 = Debug|Any CPU
		{D9372B45-9334-4997-BF80-3F0383F7BB3C}.Debug|x64.ActiveCfg = Debug|Any CPU
		{D9372B45-9334-4997-BF80-3F0383F7BB3C}.IntegrationTesting|Any CPU.ActiveCfg = Release|Any CPU
		{D9372B45-9334-4997-BF80-3F0383F7BB3C}.IntegrationTesting|Any CPU.Build.0 = Release|Any CPU
		{D9372B45-9334-4997-BF80-3F0383F7BB3C}.IntegrationTesting|x64.ActiveCfg = Release|Any CPU
		{D9372B45-9334-4997-BF80-3F0383F7BB3C}.Release 4.0|Any CPU.ActiveCfg = Release|Any CPU
		{D9372B45-9334-4997-BF80-3F0383F7BB3C}.Release 4.0|Any CPU.Build.0 = Release|Any CPU
		{D9372B45-9334-4997-BF80-3F0383F7BB3C}.Release 4.0|x64.ActiveCfg = Release|Any CPU
		{D9372B45-9334-4997-BF80-3F0383F7BB3C}.Release 4.5|Any CPU.ActiveCfg = Release|Any CPU
		{D9372B45-9334-4997-BF80-3F0383F7BB3C}.Release 4.5|Any CPU.Build.0 = Release|Any CPU
		{D9372B45-9334-4997-BF80-3F0383F7BB3C}.Release 4.5|x64.ActiveCfg = Release|Any CPU
		{D9372B45-9334-4997-BF80-3F0383F7BB3C}.Release|Any CPU.ActiveCfg = Release|Any CPU
		{D9372B45-9334-4997-BF80-3F0383F7BB3C}.Release|Any CPU.Build.0 = Release|Any CPU
		{D9372B45-9334-4997-BF80-3F0383F7BB3C}.Release|x64.ActiveCfg = Release|Any CPU
		{9024366D-45C9-47BA-8D20-F88975A7ED7C}.Debug|Any CPU.ActiveCfg = Debug|Any CPU
		{9024366D-45C9-47BA-8D20-F88975A7ED7C}.Debug|Any CPU.Build.0 = Debug|Any CPU
		{9024366D-45C9-47BA-8D20-F88975A7ED7C}.Debug|x64.ActiveCfg = Debug|Any CPU
		{9024366D-45C9-47BA-8D20-F88975A7ED7C}.IntegrationTesting|Any CPU.ActiveCfg = Release|Any CPU
		{9024366D-45C9-47BA-8D20-F88975A7ED7C}.IntegrationTesting|Any CPU.Build.0 = Release|Any CPU
		{9024366D-45C9-47BA-8D20-F88975A7ED7C}.IntegrationTesting|x64.ActiveCfg = Release|Any CPU
		{9024366D-45C9-47BA-8D20-F88975A7ED7C}.Release 4.0|Any CPU.ActiveCfg = Release|Any CPU
		{9024366D-45C9-47BA-8D20-F88975A7ED7C}.Release 4.0|Any CPU.Build.0 = Release|Any CPU
		{9024366D-45C9-47BA-8D20-F88975A7ED7C}.Release 4.0|x64.ActiveCfg = Release|Any CPU
		{9024366D-45C9-47BA-8D20-F88975A7ED7C}.Release 4.5|Any CPU.ActiveCfg = Release|Any CPU
		{9024366D-45C9-47BA-8D20-F88975A7ED7C}.Release 4.5|Any CPU.Build.0 = Release|Any CPU
		{9024366D-45C9-47BA-8D20-F88975A7ED7C}.Release 4.5|x64.ActiveCfg = Release|Any CPU
		{9024366D-45C9-47BA-8D20-F88975A7ED7C}.Release|Any CPU.ActiveCfg = Release|Any CPU
		{9024366D-45C9-47BA-8D20-F88975A7ED7C}.Release|Any CPU.Build.0 = Release|Any CPU
		{9024366D-45C9-47BA-8D20-F88975A7ED7C}.Release|x64.ActiveCfg = Release|Any CPU
		{39ADB5D3-D6D2-46DC-98DE-871B1F8EC4E7}.Debug|Any CPU.ActiveCfg = Debug|Any CPU
		{39ADB5D3-D6D2-46DC-98DE-871B1F8EC4E7}.Debug|Any CPU.Build.0 = Debug|Any CPU
		{39ADB5D3-D6D2-46DC-98DE-871B1F8EC4E7}.Debug|x64.ActiveCfg = Debug|Any CPU
		{39ADB5D3-D6D2-46DC-98DE-871B1F8EC4E7}.IntegrationTesting|Any CPU.ActiveCfg = Release|Any CPU
		{39ADB5D3-D6D2-46DC-98DE-871B1F8EC4E7}.IntegrationTesting|Any CPU.Build.0 = Release|Any CPU
		{39ADB5D3-D6D2-46DC-98DE-871B1F8EC4E7}.IntegrationTesting|x64.ActiveCfg = Release|Any CPU
		{39ADB5D3-D6D2-46DC-98DE-871B1F8EC4E7}.Release 4.0|Any CPU.ActiveCfg = Release|Any CPU
		{39ADB5D3-D6D2-46DC-98DE-871B1F8EC4E7}.Release 4.0|Any CPU.Build.0 = Release|Any CPU
		{39ADB5D3-D6D2-46DC-98DE-871B1F8EC4E7}.Release 4.0|x64.ActiveCfg = Release|Any CPU
		{39ADB5D3-D6D2-46DC-98DE-871B1F8EC4E7}.Release 4.5|Any CPU.ActiveCfg = Release|Any CPU
		{39ADB5D3-D6D2-46DC-98DE-871B1F8EC4E7}.Release 4.5|Any CPU.Build.0 = Release|Any CPU
		{39ADB5D3-D6D2-46DC-98DE-871B1F8EC4E7}.Release 4.5|x64.ActiveCfg = Release|Any CPU
		{39ADB5D3-D6D2-46DC-98DE-871B1F8EC4E7}.Release|Any CPU.ActiveCfg = Release|Any CPU
		{39ADB5D3-D6D2-46DC-98DE-871B1F8EC4E7}.Release|Any CPU.Build.0 = Release|Any CPU
		{39ADB5D3-D6D2-46DC-98DE-871B1F8EC4E7}.Release|x64.ActiveCfg = Release|Any CPU
	EndGlobalSection
	GlobalSection(SolutionProperties) = preSolution
		HideSolutionNode = FALSE
	EndGlobalSection
	GlobalSection(NestedProjects) = preSolution
		{35FB72AA-FD92-4A2D-9E52-B5E221687E56} = {0873ABB3-96CD-4F00-A291-D98860388834}
		{050B2CC8-C601-4792-B0B7-50B4514C618B} = {0873ABB3-96CD-4F00-A291-D98860388834}
		{39ADB5D3-D6D2-46DC-98DE-871B1F8EC4E7} = {0873ABB3-96CD-4F00-A291-D98860388834}
	EndGlobalSection
EndGlobal
