
Microsoft Visual Studio Solution File, Format Version 12.00
# Visual Studio 2013
VisualStudioVersion = 12.0.30723.0
MinimumVisualStudioVersion = 10.0.40219.1
Project("{2150E333-8FDC-42A3-9474-1A3956D46DE8}") = ".nuget", ".nuget", "{31343D89-C6F5-4397-91EC-2DF4CCAA849B}"
	ProjectSection(SolutionItems) = preProject
		IntegrationTests.testsettings = IntegrationTests.testsettings
		UnitTests.testsettings = UnitTests.testsettings
	EndProjectSection
EndProject
Project("{2150E333-8FDC-42A3-9474-1A3956D46DE8}") = "Build", "Build", "{6F14A947-1316-4CF7-ADD6-8F20A2BB453E}"
	ProjectSection(SolutionItems) = preProject
		app.config.transform = app.config.transform
		Build.targets = Build.targets
		CrmAdo.nuspec = CrmAdo.nuspec
		web.config.transform = web.config.transform
	EndProjectSection
EndProject
Project("{FAE04EC0-301F-11D3-BF4B-00C04F79EFBC}") = "CrmAdo", "CrmAdo\CrmAdo.csproj", "{61D9051D-4C85-419F-97DC-D56D4A72C5E3}"
EndProject
Project("{FAE04EC0-301F-11D3-BF4B-00C04F79EFBC}") = "CrmAdo.Tests", "CrmAdo.Tests\CrmAdo.Tests.csproj", "{35FB72AA-FD92-4A2D-9E52-B5E221687E56}"
EndProject
Project("{FAE04EC0-301F-11D3-BF4B-00C04F79EFBC}") = "CrmAdo.IntegrationTests", "CrmAdo.IntegrationTests\CrmAdo.IntegrationTests.csproj", "{050B2CC8-C601-4792-B0B7-50B4514C618B}"
EndProject
Project("{FAE04EC0-301F-11D3-BF4B-00C04F79EFBC}") = "CrmAdo.EntityFramework", "CrmEF\CrmAdo.EntityFramework.csproj", "{D9372B45-9334-4997-BF80-3F0383F7BB3C}"
EndProject
Project("{2150E333-8FDC-42A3-9474-1A3956D46DE8}") = "Test", "Test", "{0873ABB3-96CD-4F00-A291-D98860388834}"
EndProject
Project("{930C7802-8A8C-48F9-8165-68863BCCD9DD}") = "CrmAdo.Setup", "CrmAdo.Setup\CrmAdo.Setup.wixproj", "{5496FE05-AD61-4BC2-80EA-7670CF0EF499}"
EndProject
Project("{FAE04EC0-301F-11D3-BF4B-00C04F79EFBC}") = "CrmAdo.Installation", "CrmAdo.Installation\CrmAdo.Installation.csproj", "{5FE4693B-2B74-46A9-B739-F5560E7C5990}"
EndProject
Project("{FAE04EC0-301F-11D3-BF4B-00C04F79EFBC}") = "CrmAdo.InstallationTests", "CrmAdo.InstallationTests\CrmAdo.InstallationTests.csproj", "{FC2DFA1C-5AB3-482E-A5AE-DAB95DC802C0}"
EndProject
Project("{2150E333-8FDC-42A3-9474-1A3956D46DE8}") = "Images", "Images", "{2A858BFF-59A3-43A8-9729-66A7D74BF277}"
	ProjectSection(SolutionItems) = preProject
		Images\crmadoconnect.PNG = Images\crmadoconnect.PNG
		Images\ServerExplorerEntitiesAndAttributes.PNG = Images\ServerExplorerEntitiesAndAttributes.PNG
		Images\ServerExplorerPlugins.PNG = Images\ServerExplorerPlugins.PNG
		Images\ServerExplorerProperties.PNG = Images\ServerExplorerProperties.PNG
	EndProjectSection
EndProject
Project("{2150E333-8FDC-42A3-9474-1A3956D46DE8}") = "Docs", "Docs", "{0E26FC62-207F-4329-B7A1-563BE5E03F7D}"
	ProjectSection(SolutionItems) = preProject
		Docs\After Build Add To GAC notes.txt = Docs\After Build Add To GAC notes.txt
		Docs\AttributeMetadata.txt = Docs\AttributeMetadata.txt
		Docs\Machine Config.txt = Docs\Machine Config.txt
		Docs\Notes.txt = Docs\Notes.txt
		Docs\Plugin Metadata.txt = Docs\Plugin Metadata.txt
		Docs\Query Metadata.txt = Docs\Query Metadata.txt
	EndProjectSection
EndProject
Project("{FAE04EC0-301F-11D3-BF4B-00C04F79EFBC}") = "CrmAdo.DdexProvider", "CrmAdo.Ddex\CrmAdo.DdexProvider.csproj", "{9024366D-45C9-47BA-8D20-F88975A7ED7C}"
EndProject
Project("{FAE04EC0-301F-11D3-BF4B-00C04F79EFBC}") = "CrmAdo.VsPackage_IntegrationTests", "CrmAdo.Ddex\CrmAdo.VsPackage_IntegrationTests\CrmAdo.VsPackage_IntegrationTests.csproj", "{39ADB5D3-D6D2-46DC-98DE-871B1F8EC4E7}"
EndProject
Global
	GlobalSection(SolutionConfigurationPlatforms) = preSolution
		Debug|Any CPU = Debug|Any CPU
		Debug|Mixed Platforms = Debug|Mixed Platforms
		Debug|x64 = Debug|x64
		Debug|x86 = Debug|x86
		InstallationRelease|Any CPU = InstallationRelease|Any CPU
		InstallationRelease|Mixed Platforms = InstallationRelease|Mixed Platforms
		InstallationRelease|x64 = InstallationRelease|x64
		InstallationRelease|x86 = InstallationRelease|x86
		IntegrationTesting|Any CPU = IntegrationTesting|Any CPU
		IntegrationTesting|Mixed Platforms = IntegrationTesting|Mixed Platforms
		IntegrationTesting|x64 = IntegrationTesting|x64
		IntegrationTesting|x86 = IntegrationTesting|x86
		Release 4.0|Any CPU = Release 4.0|Any CPU
		Release 4.0|Mixed Platforms = Release 4.0|Mixed Platforms
		Release 4.0|x64 = Release 4.0|x64
		Release 4.0|x86 = Release 4.0|x86
		Release 4.5|Any CPU = Release 4.5|Any CPU
		Release 4.5|Mixed Platforms = Release 4.5|Mixed Platforms
		Release 4.5|x64 = Release 4.5|x64
		Release 4.5|x86 = Release 4.5|x86
		Release|Any CPU = Release|Any CPU
		Release|Mixed Platforms = Release|Mixed Platforms
		Release|x64 = Release|x64
		Release|x86 = Release|x86
	EndGlobalSection
	GlobalSection(ProjectConfigurationPlatforms) = postSolution
		{61D9051D-4C85-419F-97DC-D56D4A72C5E3}.Debug|Any CPU.ActiveCfg = Debug|Any CPU
		{61D9051D-4C85-419F-97DC-D56D4A72C5E3}.Debug|Any CPU.Build.0 = Debug|Any CPU
		{61D9051D-4C85-419F-97DC-D56D4A72C5E3}.Debug|Mixed Platforms.ActiveCfg = Debug|Any CPU
		{61D9051D-4C85-419F-97DC-D56D4A72C5E3}.Debug|Mixed Platforms.Build.0 = Debug|Any CPU
		{61D9051D-4C85-419F-97DC-D56D4A72C5E3}.Debug|x64.ActiveCfg = Debug|Any CPU
		{61D9051D-4C85-419F-97DC-D56D4A72C5E3}.Debug|x86.ActiveCfg = Debug|Any CPU
		{61D9051D-4C85-419F-97DC-D56D4A72C5E3}.InstallationRelease|Any CPU.ActiveCfg = Release 4.0|Any CPU
		{61D9051D-4C85-419F-97DC-D56D4A72C5E3}.InstallationRelease|Any CPU.Build.0 = Release 4.0|Any CPU
		{61D9051D-4C85-419F-97DC-D56D4A72C5E3}.InstallationRelease|Mixed Platforms.ActiveCfg = InstallationRelease|Any CPU
		{61D9051D-4C85-419F-97DC-D56D4A72C5E3}.InstallationRelease|Mixed Platforms.Build.0 = InstallationRelease|Any CPU
		{61D9051D-4C85-419F-97DC-D56D4A72C5E3}.InstallationRelease|x64.ActiveCfg = InstallationRelease|Any CPU
		{61D9051D-4C85-419F-97DC-D56D4A72C5E3}.InstallationRelease|x86.ActiveCfg = InstallationRelease|Any CPU
		{61D9051D-4C85-419F-97DC-D56D4A72C5E3}.IntegrationTesting|Any CPU.ActiveCfg = IntegrationTesting|Any CPU
		{61D9051D-4C85-419F-97DC-D56D4A72C5E3}.IntegrationTesting|Any CPU.Build.0 = IntegrationTesting|Any CPU
		{61D9051D-4C85-419F-97DC-D56D4A72C5E3}.IntegrationTesting|Mixed Platforms.ActiveCfg = IntegrationTesting|Any CPU
		{61D9051D-4C85-419F-97DC-D56D4A72C5E3}.IntegrationTesting|Mixed Platforms.Build.0 = IntegrationTesting|Any CPU
		{61D9051D-4C85-419F-97DC-D56D4A72C5E3}.IntegrationTesting|x64.ActiveCfg = IntegrationTesting|Any CPU
		{61D9051D-4C85-419F-97DC-D56D4A72C5E3}.IntegrationTesting|x86.ActiveCfg = IntegrationTesting|Any CPU
		{61D9051D-4C85-419F-97DC-D56D4A72C5E3}.Release 4.0|Any CPU.ActiveCfg = Release 4.0|Any CPU
		{61D9051D-4C85-419F-97DC-D56D4A72C5E3}.Release 4.0|Any CPU.Build.0 = Release 4.0|Any CPU
		{61D9051D-4C85-419F-97DC-D56D4A72C5E3}.Release 4.0|Mixed Platforms.ActiveCfg = Release 4.0|Any CPU
		{61D9051D-4C85-419F-97DC-D56D4A72C5E3}.Release 4.0|Mixed Platforms.Build.0 = Release 4.0|Any CPU
		{61D9051D-4C85-419F-97DC-D56D4A72C5E3}.Release 4.0|x64.ActiveCfg = Release 4.0|Any CPU
		{61D9051D-4C85-419F-97DC-D56D4A72C5E3}.Release 4.0|x86.ActiveCfg = Release 4.0|Any CPU
		{61D9051D-4C85-419F-97DC-D56D4A72C5E3}.Release 4.5|Any CPU.ActiveCfg = Release 4.5|Any CPU
		{61D9051D-4C85-419F-97DC-D56D4A72C5E3}.Release 4.5|Any CPU.Build.0 = Release 4.5|Any CPU
		{61D9051D-4C85-419F-97DC-D56D4A72C5E3}.Release 4.5|Mixed Platforms.ActiveCfg = Release 4.5|Any CPU
		{61D9051D-4C85-419F-97DC-D56D4A72C5E3}.Release 4.5|Mixed Platforms.Build.0 = Release 4.5|Any CPU
		{61D9051D-4C85-419F-97DC-D56D4A72C5E3}.Release 4.5|x64.ActiveCfg = Release 4.5|Any CPU
		{61D9051D-4C85-419F-97DC-D56D4A72C5E3}.Release 4.5|x86.ActiveCfg = Release 4.5|Any CPU
		{61D9051D-4C85-419F-97DC-D56D4A72C5E3}.Release|Any CPU.ActiveCfg = Release|Any CPU
		{61D9051D-4C85-419F-97DC-D56D4A72C5E3}.Release|Any CPU.Build.0 = Release|Any CPU
		{61D9051D-4C85-419F-97DC-D56D4A72C5E3}.Release|Mixed Platforms.ActiveCfg = Release|Any CPU
		{61D9051D-4C85-419F-97DC-D56D4A72C5E3}.Release|Mixed Platforms.Build.0 = Release|Any CPU
		{61D9051D-4C85-419F-97DC-D56D4A72C5E3}.Release|x64.ActiveCfg = Release|Any CPU
		{61D9051D-4C85-419F-97DC-D56D4A72C5E3}.Release|x86.ActiveCfg = Release|Any CPU
		{35FB72AA-FD92-4A2D-9E52-B5E221687E56}.Debug|Any CPU.ActiveCfg = Debug|Any CPU
		{35FB72AA-FD92-4A2D-9E52-B5E221687E56}.Debug|Any CPU.Build.0 = Debug|Any CPU
		{35FB72AA-FD92-4A2D-9E52-B5E221687E56}.Debug|Mixed Platforms.ActiveCfg = Debug|Any CPU
		{35FB72AA-FD92-4A2D-9E52-B5E221687E56}.Debug|Mixed Platforms.Build.0 = Debug|Any CPU
		{35FB72AA-FD92-4A2D-9E52-B5E221687E56}.Debug|x64.ActiveCfg = Debug|Any CPU
		{35FB72AA-FD92-4A2D-9E52-B5E221687E56}.Debug|x86.ActiveCfg = Debug|Any CPU
		{35FB72AA-FD92-4A2D-9E52-B5E221687E56}.InstallationRelease|Any CPU.ActiveCfg = Release|Any CPU
		{35FB72AA-FD92-4A2D-9E52-B5E221687E56}.InstallationRelease|Any CPU.Build.0 = Release|Any CPU
		{35FB72AA-FD92-4A2D-9E52-B5E221687E56}.InstallationRelease|Mixed Platforms.ActiveCfg = InstallationRelease|Any CPU
		{35FB72AA-FD92-4A2D-9E52-B5E221687E56}.InstallationRelease|Mixed Platforms.Build.0 = InstallationRelease|Any CPU
		{35FB72AA-FD92-4A2D-9E52-B5E221687E56}.InstallationRelease|x64.ActiveCfg = InstallationRelease|Any CPU
		{35FB72AA-FD92-4A2D-9E52-B5E221687E56}.InstallationRelease|x86.ActiveCfg = InstallationRelease|Any CPU
		{35FB72AA-FD92-4A2D-9E52-B5E221687E56}.IntegrationTesting|Any CPU.ActiveCfg = IntegrationTesting|Any CPU
		{35FB72AA-FD92-4A2D-9E52-B5E221687E56}.IntegrationTesting|Any CPU.Build.0 = IntegrationTesting|Any CPU
		{35FB72AA-FD92-4A2D-9E52-B5E221687E56}.IntegrationTesting|Mixed Platforms.ActiveCfg = IntegrationTesting|Any CPU
		{35FB72AA-FD92-4A2D-9E52-B5E221687E56}.IntegrationTesting|Mixed Platforms.Build.0 = IntegrationTesting|Any CPU
		{35FB72AA-FD92-4A2D-9E52-B5E221687E56}.IntegrationTesting|x64.ActiveCfg = IntegrationTesting|Any CPU
		{35FB72AA-FD92-4A2D-9E52-B5E221687E56}.IntegrationTesting|x86.ActiveCfg = IntegrationTesting|Any CPU
		{35FB72AA-FD92-4A2D-9E52-B5E221687E56}.Release 4.0|Any CPU.ActiveCfg = Release|Any CPU
		{35FB72AA-FD92-4A2D-9E52-B5E221687E56}.Release 4.0|Any CPU.Build.0 = Release|Any CPU
		{35FB72AA-FD92-4A2D-9E52-B5E221687E56}.Release 4.0|Mixed Platforms.ActiveCfg = Release|Any CPU
		{35FB72AA-FD92-4A2D-9E52-B5E221687E56}.Release 4.0|Mixed Platforms.Build.0 = Release|Any CPU
		{35FB72AA-FD92-4A2D-9E52-B5E221687E56}.Release 4.0|x64.ActiveCfg = Release|Any CPU
		{35FB72AA-FD92-4A2D-9E52-B5E221687E56}.Release 4.0|x86.ActiveCfg = Release|Any CPU
		{35FB72AA-FD92-4A2D-9E52-B5E221687E56}.Release 4.5|Any CPU.ActiveCfg = Release|Any CPU
		{35FB72AA-FD92-4A2D-9E52-B5E221687E56}.Release 4.5|Any CPU.Build.0 = Release|Any CPU
		{35FB72AA-FD92-4A2D-9E52-B5E221687E56}.Release 4.5|Mixed Platforms.ActiveCfg = Release|Any CPU
		{35FB72AA-FD92-4A2D-9E52-B5E221687E56}.Release 4.5|Mixed Platforms.Build.0 = Release|Any CPU
		{35FB72AA-FD92-4A2D-9E52-B5E221687E56}.Release 4.5|x64.ActiveCfg = Release|Any CPU
		{35FB72AA-FD92-4A2D-9E52-B5E221687E56}.Release 4.5|x86.ActiveCfg = Release|Any CPU
		{35FB72AA-FD92-4A2D-9E52-B5E221687E56}.Release|Any CPU.ActiveCfg = Release|Any CPU
		{35FB72AA-FD92-4A2D-9E52-B5E221687E56}.Release|Any CPU.Build.0 = Release|Any CPU
		{35FB72AA-FD92-4A2D-9E52-B5E221687E56}.Release|Mixed Platforms.ActiveCfg = Release|Any CPU
		{35FB72AA-FD92-4A2D-9E52-B5E221687E56}.Release|Mixed Platforms.Build.0 = Release|Any CPU
		{35FB72AA-FD92-4A2D-9E52-B5E221687E56}.Release|x64.ActiveCfg = Release|Any CPU
		{35FB72AA-FD92-4A2D-9E52-B5E221687E56}.Release|x86.ActiveCfg = Release|Any CPU
		{050B2CC8-C601-4792-B0B7-50B4514C618B}.Debug|Any CPU.ActiveCfg = Debug|Any CPU
		{050B2CC8-C601-4792-B0B7-50B4514C618B}.Debug|Any CPU.Build.0 = Debug|Any CPU
		{050B2CC8-C601-4792-B0B7-50B4514C618B}.Debug|Mixed Platforms.ActiveCfg = Debug|Any CPU
		{050B2CC8-C601-4792-B0B7-50B4514C618B}.Debug|Mixed Platforms.Build.0 = Debug|Any CPU
		{050B2CC8-C601-4792-B0B7-50B4514C618B}.Debug|x64.ActiveCfg = Debug|Any CPU
		{050B2CC8-C601-4792-B0B7-50B4514C618B}.Debug|x86.ActiveCfg = Debug|Any CPU
		{050B2CC8-C601-4792-B0B7-50B4514C618B}.InstallationRelease|Any CPU.ActiveCfg = Release|Any CPU
		{050B2CC8-C601-4792-B0B7-50B4514C618B}.InstallationRelease|Any CPU.Build.0 = Release|Any CPU
		{050B2CC8-C601-4792-B0B7-50B4514C618B}.InstallationRelease|Mixed Platforms.ActiveCfg = InstallationRelease|Any CPU
		{050B2CC8-C601-4792-B0B7-50B4514C618B}.InstallationRelease|Mixed Platforms.Build.0 = InstallationRelease|Any CPU
		{050B2CC8-C601-4792-B0B7-50B4514C618B}.InstallationRelease|x64.ActiveCfg = InstallationRelease|Any CPU
		{050B2CC8-C601-4792-B0B7-50B4514C618B}.InstallationRelease|x86.ActiveCfg = InstallationRelease|Any CPU
		{050B2CC8-C601-4792-B0B7-50B4514C618B}.IntegrationTesting|Any CPU.ActiveCfg = IntegrationTesting|Any CPU
		{050B2CC8-C601-4792-B0B7-50B4514C618B}.IntegrationTesting|Any CPU.Build.0 = IntegrationTesting|Any CPU
		{050B2CC8-C601-4792-B0B7-50B4514C618B}.IntegrationTesting|Mixed Platforms.ActiveCfg = IntegrationTesting|Any CPU
		{050B2CC8-C601-4792-B0B7-50B4514C618B}.IntegrationTesting|Mixed Platforms.Build.0 = IntegrationTesting|Any CPU
		{050B2CC8-C601-4792-B0B7-50B4514C618B}.IntegrationTesting|x64.ActiveCfg = IntegrationTesting|Any CPU
		{050B2CC8-C601-4792-B0B7-50B4514C618B}.IntegrationTesting|x86.ActiveCfg = IntegrationTesting|Any CPU
		{050B2CC8-C601-4792-B0B7-50B4514C618B}.Release 4.0|Any CPU.ActiveCfg = Release|Any CPU
		{050B2CC8-C601-4792-B0B7-50B4514C618B}.Release 4.0|Any CPU.Build.0 = Release|Any CPU
		{050B2CC8-C601-4792-B0B7-50B4514C618B}.Release 4.0|Mixed Platforms.ActiveCfg = Release|Any CPU
		{050B2CC8-C601-4792-B0B7-50B4514C618B}.Release 4.0|Mixed Platforms.Build.0 = Release|Any CPU
		{050B2CC8-C601-4792-B0B7-50B4514C618B}.Release 4.0|x64.ActiveCfg = Release|Any CPU
		{050B2CC8-C601-4792-B0B7-50B4514C618B}.Release 4.0|x86.ActiveCfg = Release|Any CPU
		{050B2CC8-C601-4792-B0B7-50B4514C618B}.Release 4.5|Any CPU.ActiveCfg = Release|Any CPU
		{050B2CC8-C601-4792-B0B7-50B4514C618B}.Release 4.5|Any CPU.Build.0 = Release|Any CPU
		{050B2CC8-C601-4792-B0B7-50B4514C618B}.Release 4.5|Mixed Platforms.ActiveCfg = Release|Any CPU
		{050B2CC8-C601-4792-B0B7-50B4514C618B}.Release 4.5|Mixed Platforms.Build.0 = Release|Any CPU
		{050B2CC8-C601-4792-B0B7-50B4514C618B}.Release 4.5|x64.ActiveCfg = Release|Any CPU
		{050B2CC8-C601-4792-B0B7-50B4514C618B}.Release 4.5|x86.ActiveCfg = Release|Any CPU
		{050B2CC8-C601-4792-B0B7-50B4514C618B}.Release|Any CPU.ActiveCfg = Release|Any CPU
		{050B2CC8-C601-4792-B0B7-50B4514C618B}.Release|Any CPU.Build.0 = Release|Any CPU
		{050B2CC8-C601-4792-B0B7-50B4514C618B}.Release|Mixed Platforms.ActiveCfg = Release|Any CPU
		{050B2CC8-C601-4792-B0B7-50B4514C618B}.Release|Mixed Platforms.Build.0 = Release|Any CPU
		{050B2CC8-C601-4792-B0B7-50B4514C618B}.Release|x64.ActiveCfg = Release|Any CPU
		{050B2CC8-C601-4792-B0B7-50B4514C618B}.Release|x86.ActiveCfg = Release|Any CPU
		{D9372B45-9334-4997-BF80-3F0383F7BB3C}.Debug|Any CPU.ActiveCfg = Debug|Any CPU
		{D9372B45-9334-4997-BF80-3F0383F7BB3C}.Debug|Any CPU.Build.0 = Debug|Any CPU
		{D9372B45-9334-4997-BF80-3F0383F7BB3C}.Debug|Mixed Platforms.ActiveCfg = Debug|Any CPU
		{D9372B45-9334-4997-BF80-3F0383F7BB3C}.Debug|Mixed Platforms.Build.0 = Debug|Any CPU
		{D9372B45-9334-4997-BF80-3F0383F7BB3C}.Debug|x64.ActiveCfg = Debug|Any CPU
		{D9372B45-9334-4997-BF80-3F0383F7BB3C}.Debug|x86.ActiveCfg = Debug|Any CPU
		{D9372B45-9334-4997-BF80-3F0383F7BB3C}.InstallationRelease|Any CPU.ActiveCfg = Release|Any CPU
		{D9372B45-9334-4997-BF80-3F0383F7BB3C}.InstallationRelease|Any CPU.Build.0 = Release|Any CPU
		{D9372B45-9334-4997-BF80-3F0383F7BB3C}.InstallationRelease|Mixed Platforms.ActiveCfg = InstallationRelease|Any CPU
		{D9372B45-9334-4997-BF80-3F0383F7BB3C}.InstallationRelease|Mixed Platforms.Build.0 = InstallationRelease|Any CPU
		{D9372B45-9334-4997-BF80-3F0383F7BB3C}.InstallationRelease|x64.ActiveCfg = InstallationRelease|Any CPU
		{D9372B45-9334-4997-BF80-3F0383F7BB3C}.InstallationRelease|x86.ActiveCfg = InstallationRelease|Any CPU
		{D9372B45-9334-4997-BF80-3F0383F7BB3C}.IntegrationTesting|Any CPU.ActiveCfg = Release|Any CPU
		{D9372B45-9334-4997-BF80-3F0383F7BB3C}.IntegrationTesting|Any CPU.Build.0 = Release|Any CPU
		{D9372B45-9334-4997-BF80-3F0383F7BB3C}.IntegrationTesting|Mixed Platforms.ActiveCfg = Release|Any CPU
		{D9372B45-9334-4997-BF80-3F0383F7BB3C}.IntegrationTesting|Mixed Platforms.Build.0 = Release|Any CPU
		{D9372B45-9334-4997-BF80-3F0383F7BB3C}.IntegrationTesting|x64.ActiveCfg = Release|Any CPU
		{D9372B45-9334-4997-BF80-3F0383F7BB3C}.IntegrationTesting|x86.ActiveCfg = Release|Any CPU
		{D9372B45-9334-4997-BF80-3F0383F7BB3C}.Release 4.0|Any CPU.ActiveCfg = Release|Any CPU
		{D9372B45-9334-4997-BF80-3F0383F7BB3C}.Release 4.0|Any CPU.Build.0 = Release|Any CPU
		{D9372B45-9334-4997-BF80-3F0383F7BB3C}.Release 4.0|Mixed Platforms.ActiveCfg = Release|Any CPU
		{D9372B45-9334-4997-BF80-3F0383F7BB3C}.Release 4.0|Mixed Platforms.Build.0 = Release|Any CPU
		{D9372B45-9334-4997-BF80-3F0383F7BB3C}.Release 4.0|x64.ActiveCfg = Release|Any CPU
		{D9372B45-9334-4997-BF80-3F0383F7BB3C}.Release 4.0|x86.ActiveCfg = Release|Any CPU
		{D9372B45-9334-4997-BF80-3F0383F7BB3C}.Release 4.5|Any CPU.ActiveCfg = Release|Any CPU
		{D9372B45-9334-4997-BF80-3F0383F7BB3C}.Release 4.5|Any CPU.Build.0 = Release|Any CPU
		{D9372B45-9334-4997-BF80-3F0383F7BB3C}.Release 4.5|Mixed Platforms.ActiveCfg = Release|Any CPU
		{D9372B45-9334-4997-BF80-3F0383F7BB3C}.Release 4.5|Mixed Platforms.Build.0 = Release|Any CPU
		{D9372B45-9334-4997-BF80-3F0383F7BB3C}.Release 4.5|x64.ActiveCfg = Release|Any CPU
		{D9372B45-9334-4997-BF80-3F0383F7BB3C}.Release 4.5|x86.ActiveCfg = Release|Any CPU
		{D9372B45-9334-4997-BF80-3F0383F7BB3C}.Release|Any CPU.ActiveCfg = Release|Any CPU
		{D9372B45-9334-4997-BF80-3F0383F7BB3C}.Release|Any CPU.Build.0 = Release|Any CPU
		{D9372B45-9334-4997-BF80-3F0383F7BB3C}.Release|Mixed Platforms.ActiveCfg = Release|Any CPU
		{D9372B45-9334-4997-BF80-3F0383F7BB3C}.Release|Mixed Platforms.Build.0 = Release|Any CPU
		{D9372B45-9334-4997-BF80-3F0383F7BB3C}.Release|x64.ActiveCfg = Release|Any CPU
		{D9372B45-9334-4997-BF80-3F0383F7BB3C}.Release|x86.ActiveCfg = Release|Any CPU
		{5496FE05-AD61-4BC2-80EA-7670CF0EF499}.Debug|Any CPU.ActiveCfg = Debug|x86
		{5496FE05-AD61-4BC2-80EA-7670CF0EF499}.Debug|Mixed Platforms.ActiveCfg = Debug|x86
		{5496FE05-AD61-4BC2-80EA-7670CF0EF499}.Debug|Mixed Platforms.Build.0 = Debug|x86
		{5496FE05-AD61-4BC2-80EA-7670CF0EF499}.Debug|x64.ActiveCfg = Debug|x86
		{5496FE05-AD61-4BC2-80EA-7670CF0EF499}.Debug|x86.ActiveCfg = Debug|x86
		{5496FE05-AD61-4BC2-80EA-7670CF0EF499}.Debug|x86.Build.0 = Debug|x86
		{5496FE05-AD61-4BC2-80EA-7670CF0EF499}.InstallationRelease|Any CPU.ActiveCfg = Release|x86
		{5496FE05-AD61-4BC2-80EA-7670CF0EF499}.InstallationRelease|Mixed Platforms.ActiveCfg = Release|x86
		{5496FE05-AD61-4BC2-80EA-7670CF0EF499}.InstallationRelease|Mixed Platforms.Build.0 = Release|x86
		{5496FE05-AD61-4BC2-80EA-7670CF0EF499}.InstallationRelease|x64.ActiveCfg = Release|x86
		{5496FE05-AD61-4BC2-80EA-7670CF0EF499}.InstallationRelease|x86.ActiveCfg = Release|x86
		{5496FE05-AD61-4BC2-80EA-7670CF0EF499}.InstallationRelease|x86.Build.0 = Release|x86
		{5496FE05-AD61-4BC2-80EA-7670CF0EF499}.IntegrationTesting|Any CPU.ActiveCfg = Release|x86
		{5496FE05-AD61-4BC2-80EA-7670CF0EF499}.IntegrationTesting|Mixed Platforms.ActiveCfg = Release|x86
		{5496FE05-AD61-4BC2-80EA-7670CF0EF499}.IntegrationTesting|Mixed Platforms.Build.0 = Release|x86
		{5496FE05-AD61-4BC2-80EA-7670CF0EF499}.IntegrationTesting|x64.ActiveCfg = Release|x86
		{5496FE05-AD61-4BC2-80EA-7670CF0EF499}.IntegrationTesting|x86.ActiveCfg = Release|x86
		{5496FE05-AD61-4BC2-80EA-7670CF0EF499}.IntegrationTesting|x86.Build.0 = Release|x86
		{5496FE05-AD61-4BC2-80EA-7670CF0EF499}.Release 4.0|Any CPU.ActiveCfg = Release|x86
		{5496FE05-AD61-4BC2-80EA-7670CF0EF499}.Release 4.0|Mixed Platforms.ActiveCfg = Release|x86
		{5496FE05-AD61-4BC2-80EA-7670CF0EF499}.Release 4.0|Mixed Platforms.Build.0 = Release|x86
		{5496FE05-AD61-4BC2-80EA-7670CF0EF499}.Release 4.0|x64.ActiveCfg = Release|x86
		{5496FE05-AD61-4BC2-80EA-7670CF0EF499}.Release 4.0|x86.ActiveCfg = Release|x86
		{5496FE05-AD61-4BC2-80EA-7670CF0EF499}.Release 4.0|x86.Build.0 = Release|x86
		{5496FE05-AD61-4BC2-80EA-7670CF0EF499}.Release 4.5|Any CPU.ActiveCfg = Release|x86
		{5496FE05-AD61-4BC2-80EA-7670CF0EF499}.Release 4.5|Mixed Platforms.ActiveCfg = Release|x86
		{5496FE05-AD61-4BC2-80EA-7670CF0EF499}.Release 4.5|Mixed Platforms.Build.0 = Release|x86
		{5496FE05-AD61-4BC2-80EA-7670CF0EF499}.Release 4.5|x64.ActiveCfg = Release|x86
		{5496FE05-AD61-4BC2-80EA-7670CF0EF499}.Release 4.5|x86.ActiveCfg = Release|x86
		{5496FE05-AD61-4BC2-80EA-7670CF0EF499}.Release 4.5|x86.Build.0 = Release|x86
		{5496FE05-AD61-4BC2-80EA-7670CF0EF499}.Release|Any CPU.ActiveCfg = Release|x86
		{5496FE05-AD61-4BC2-80EA-7670CF0EF499}.Release|Mixed Platforms.ActiveCfg = Release|x86
		{5496FE05-AD61-4BC2-80EA-7670CF0EF499}.Release|Mixed Platforms.Build.0 = Release|x86
		{5496FE05-AD61-4BC2-80EA-7670CF0EF499}.Release|x64.ActiveCfg = Release|x86
		{5496FE05-AD61-4BC2-80EA-7670CF0EF499}.Release|x86.ActiveCfg = Release|x86
		{5496FE05-AD61-4BC2-80EA-7670CF0EF499}.Release|x86.Build.0 = Release|x86
		{5FE4693B-2B74-46A9-B739-F5560E7C5990}.Debug|Any CPU.ActiveCfg = Debug|x86
		{5FE4693B-2B74-46A9-B739-F5560E7C5990}.Debug|Mixed Platforms.ActiveCfg = Debug|x86
		{5FE4693B-2B74-46A9-B739-F5560E7C5990}.Debug|Mixed Platforms.Build.0 = Debug|x86
		{5FE4693B-2B74-46A9-B739-F5560E7C5990}.Debug|x64.ActiveCfg = Debug|x86
		{5FE4693B-2B74-46A9-B739-F5560E7C5990}.Debug|x86.ActiveCfg = Debug|x86
		{5FE4693B-2B74-46A9-B739-F5560E7C5990}.Debug|x86.Build.0 = Debug|x86
		{5FE4693B-2B74-46A9-B739-F5560E7C5990}.InstallationRelease|Any CPU.ActiveCfg = Release|x86
		{5FE4693B-2B74-46A9-B739-F5560E7C5990}.InstallationRelease|Mixed Platforms.ActiveCfg = InstallationRelease|x86
		{5FE4693B-2B74-46A9-B739-F5560E7C5990}.InstallationRelease|Mixed Platforms.Build.0 = InstallationRelease|x86
		{5FE4693B-2B74-46A9-B739-F5560E7C5990}.InstallationRelease|x64.ActiveCfg = InstallationRelease|x86
		{5FE4693B-2B74-46A9-B739-F5560E7C5990}.InstallationRelease|x86.ActiveCfg = InstallationRelease|x86
		{5FE4693B-2B74-46A9-B739-F5560E7C5990}.IntegrationTesting|Any CPU.ActiveCfg = Release|x86
		{5FE4693B-2B74-46A9-B739-F5560E7C5990}.IntegrationTesting|Mixed Platforms.ActiveCfg = Release|x86
		{5FE4693B-2B74-46A9-B739-F5560E7C5990}.IntegrationTesting|Mixed Platforms.Build.0 = Release|x86
		{5FE4693B-2B74-46A9-B739-F5560E7C5990}.IntegrationTesting|x64.ActiveCfg = Release|x86
		{5FE4693B-2B74-46A9-B739-F5560E7C5990}.IntegrationTesting|x86.ActiveCfg = Release|x86
		{5FE4693B-2B74-46A9-B739-F5560E7C5990}.IntegrationTesting|x86.Build.0 = Release|x86
		{5FE4693B-2B74-46A9-B739-F5560E7C5990}.Release 4.0|Any CPU.ActiveCfg = Release|x86
		{5FE4693B-2B74-46A9-B739-F5560E7C5990}.Release 4.0|Mixed Platforms.ActiveCfg = Release|x86
		{5FE4693B-2B74-46A9-B739-F5560E7C5990}.Release 4.0|Mixed Platforms.Build.0 = Release|x86
		{5FE4693B-2B74-46A9-B739-F5560E7C5990}.Release 4.0|x64.ActiveCfg = Release|x86
		{5FE4693B-2B74-46A9-B739-F5560E7C5990}.Release 4.0|x86.ActiveCfg = Release|x86
		{5FE4693B-2B74-46A9-B739-F5560E7C5990}.Release 4.0|x86.Build.0 = Release|x86
		{5FE4693B-2B74-46A9-B739-F5560E7C5990}.Release 4.5|Any CPU.ActiveCfg = Release|x86
		{5FE4693B-2B74-46A9-B739-F5560E7C5990}.Release 4.5|Mixed Platforms.ActiveCfg = Release|x86
		{5FE4693B-2B74-46A9-B739-F5560E7C5990}.Release 4.5|Mixed Platforms.Build.0 = Release|x86
		{5FE4693B-2B74-46A9-B739-F5560E7C5990}.Release 4.5|x64.ActiveCfg = Release|x86
		{5FE4693B-2B74-46A9-B739-F5560E7C5990}.Release 4.5|x86.ActiveCfg = Release|x86
		{5FE4693B-2B74-46A9-B739-F5560E7C5990}.Release 4.5|x86.Build.0 = Release|x86
		{5FE4693B-2B74-46A9-B739-F5560E7C5990}.Release|Any CPU.ActiveCfg = Release|x86
		{5FE4693B-2B74-46A9-B739-F5560E7C5990}.Release|Mixed Platforms.ActiveCfg = Release|x86
		{5FE4693B-2B74-46A9-B739-F5560E7C5990}.Release|Mixed Platforms.Build.0 = Release|x86
		{5FE4693B-2B74-46A9-B739-F5560E7C5990}.Release|x64.ActiveCfg = Release|x86
		{5FE4693B-2B74-46A9-B739-F5560E7C5990}.Release|x86.ActiveCfg = Release|x86
		{5FE4693B-2B74-46A9-B739-F5560E7C5990}.Release|x86.Build.0 = Release|x86
		{FC2DFA1C-5AB3-482E-A5AE-DAB95DC802C0}.Debug|Any CPU.ActiveCfg = Debug|Any CPU
		{FC2DFA1C-5AB3-482E-A5AE-DAB95DC802C0}.Debug|Any CPU.Build.0 = Debug|Any CPU
		{FC2DFA1C-5AB3-482E-A5AE-DAB95DC802C0}.Debug|Mixed Platforms.ActiveCfg = Debug|Any CPU
		{FC2DFA1C-5AB3-482E-A5AE-DAB95DC802C0}.Debug|Mixed Platforms.Build.0 = Debug|Any CPU
		{FC2DFA1C-5AB3-482E-A5AE-DAB95DC802C0}.Debug|x64.ActiveCfg = Debug|Any CPU
		{FC2DFA1C-5AB3-482E-A5AE-DAB95DC802C0}.Debug|x86.ActiveCfg = Debug|Any CPU
		{FC2DFA1C-5AB3-482E-A5AE-DAB95DC802C0}.InstallationRelease|Any CPU.ActiveCfg = Release|Any CPU
		{FC2DFA1C-5AB3-482E-A5AE-DAB95DC802C0}.InstallationRelease|Any CPU.Build.0 = Release|Any CPU
		{FC2DFA1C-5AB3-482E-A5AE-DAB95DC802C0}.InstallationRelease|Mixed Platforms.ActiveCfg = InstallationRelease|Any CPU
		{FC2DFA1C-5AB3-482E-A5AE-DAB95DC802C0}.InstallationRelease|Mixed Platforms.Build.0 = InstallationRelease|Any CPU
		{FC2DFA1C-5AB3-482E-A5AE-DAB95DC802C0}.InstallationRelease|x64.ActiveCfg = InstallationRelease|Any CPU
		{FC2DFA1C-5AB3-482E-A5AE-DAB95DC802C0}.InstallationRelease|x86.ActiveCfg = InstallationRelease|Any CPU
		{FC2DFA1C-5AB3-482E-A5AE-DAB95DC802C0}.IntegrationTesting|Any CPU.ActiveCfg = Release|Any CPU
		{FC2DFA1C-5AB3-482E-A5AE-DAB95DC802C0}.IntegrationTesting|Any CPU.Build.0 = Release|Any CPU
		{FC2DFA1C-5AB3-482E-A5AE-DAB95DC802C0}.IntegrationTesting|Mixed Platforms.ActiveCfg = Release|Any CPU
		{FC2DFA1C-5AB3-482E-A5AE-DAB95DC802C0}.IntegrationTesting|Mixed Platforms.Build.0 = Release|Any CPU
		{FC2DFA1C-5AB3-482E-A5AE-DAB95DC802C0}.IntegrationTesting|x64.ActiveCfg = Release|Any CPU
		{FC2DFA1C-5AB3-482E-A5AE-DAB95DC802C0}.IntegrationTesting|x86.ActiveCfg = Release|Any CPU
		{FC2DFA1C-5AB3-482E-A5AE-DAB95DC802C0}.Release 4.0|Any CPU.ActiveCfg = Release|Any CPU
		{FC2DFA1C-5AB3-482E-A5AE-DAB95DC802C0}.Release 4.0|Any CPU.Build.0 = Release|Any CPU
		{FC2DFA1C-5AB3-482E-A5AE-DAB95DC802C0}.Release 4.0|Mixed Platforms.ActiveCfg = Release|Any CPU
		{FC2DFA1C-5AB3-482E-A5AE-DAB95DC802C0}.Release 4.0|Mixed Platforms.Build.0 = Release|Any CPU
		{FC2DFA1C-5AB3-482E-A5AE-DAB95DC802C0}.Release 4.0|x64.ActiveCfg = Release|Any CPU
		{FC2DFA1C-5AB3-482E-A5AE-DAB95DC802C0}.Release 4.0|x86.ActiveCfg = Release|Any CPU
		{FC2DFA1C-5AB3-482E-A5AE-DAB95DC802C0}.Release 4.5|Any CPU.ActiveCfg = Release|Any CPU
		{FC2DFA1C-5AB3-482E-A5AE-DAB95DC802C0}.Release 4.5|Any CPU.Build.0 = Release|Any CPU
		{FC2DFA1C-5AB3-482E-A5AE-DAB95DC802C0}.Release 4.5|Mixed Platforms.ActiveCfg = Release|Any CPU
		{FC2DFA1C-5AB3-482E-A5AE-DAB95DC802C0}.Release 4.5|Mixed Platforms.Build.0 = Release|Any CPU
		{FC2DFA1C-5AB3-482E-A5AE-DAB95DC802C0}.Release 4.5|x64.ActiveCfg = Release|Any CPU
		{FC2DFA1C-5AB3-482E-A5AE-DAB95DC802C0}.Release 4.5|x86.ActiveCfg = Release|Any CPU
		{FC2DFA1C-5AB3-482E-A5AE-DAB95DC802C0}.Release|Any CPU.ActiveCfg = Release|Any CPU
		{FC2DFA1C-5AB3-482E-A5AE-DAB95DC802C0}.Release|Any CPU.Build.0 = Release|Any CPU
		{FC2DFA1C-5AB3-482E-A5AE-DAB95DC802C0}.Release|Mixed Platforms.ActiveCfg = Release|Any CPU
		{FC2DFA1C-5AB3-482E-A5AE-DAB95DC802C0}.Release|Mixed Platforms.Build.0 = Release|Any CPU
		{FC2DFA1C-5AB3-482E-A5AE-DAB95DC802C0}.Release|x64.ActiveCfg = Release|Any CPU
		{FC2DFA1C-5AB3-482E-A5AE-DAB95DC802C0}.Release|x86.ActiveCfg = Release|Any CPU
		{9024366D-45C9-47BA-8D20-F88975A7ED7C}.Debug|Any CPU.ActiveCfg = Debug|Any CPU
		{9024366D-45C9-47BA-8D20-F88975A7ED7C}.Debug|Any CPU.Build.0 = Debug|Any CPU
		{9024366D-45C9-47BA-8D20-F88975A7ED7C}.Debug|Mixed Platforms.ActiveCfg = Debug|Any CPU
		{9024366D-45C9-47BA-8D20-F88975A7ED7C}.Debug|Mixed Platforms.Build.0 = Debug|Any CPU
		{9024366D-45C9-47BA-8D20-F88975A7ED7C}.Debug|x64.ActiveCfg = Debug|Any CPU
		{9024366D-45C9-47BA-8D20-F88975A7ED7C}.Debug|x86.ActiveCfg = Debug|Any CPU
		{9024366D-45C9-47BA-8D20-F88975A7ED7C}.InstallationRelease|Any CPU.ActiveCfg = InstallationRelease|Any CPU
		{9024366D-45C9-47BA-8D20-F88975A7ED7C}.InstallationRelease|Any CPU.Build.0 = InstallationRelease|Any CPU
		{9024366D-45C9-47BA-8D20-F88975A7ED7C}.InstallationRelease|Mixed Platforms.ActiveCfg = InstallationRelease|Any CPU
		{9024366D-45C9-47BA-8D20-F88975A7ED7C}.InstallationRelease|Mixed Platforms.Build.0 = InstallationRelease|Any CPU
		{9024366D-45C9-47BA-8D20-F88975A7ED7C}.InstallationRelease|x64.ActiveCfg = InstallationRelease|Any CPU
		{9024366D-45C9-47BA-8D20-F88975A7ED7C}.InstallationRelease|x86.ActiveCfg = InstallationRelease|Any CPU
		{9024366D-45C9-47BA-8D20-F88975A7ED7C}.IntegrationTesting|Any CPU.ActiveCfg = InstallationRelease|Any CPU
		{9024366D-45C9-47BA-8D20-F88975A7ED7C}.IntegrationTesting|Any CPU.Build.0 = InstallationRelease|Any CPU
		{9024366D-45C9-47BA-8D20-F88975A7ED7C}.IntegrationTesting|Mixed Platforms.ActiveCfg = InstallationRelease|Any CPU
		{9024366D-45C9-47BA-8D20-F88975A7ED7C}.IntegrationTesting|Mixed Platforms.Build.0 = InstallationRelease|Any CPU
		{9024366D-45C9-47BA-8D20-F88975A7ED7C}.IntegrationTesting|x64.ActiveCfg = InstallationRelease|Any CPU
		{9024366D-45C9-47BA-8D20-F88975A7ED7C}.IntegrationTesting|x86.ActiveCfg = InstallationRelease|Any CPU
		{9024366D-45C9-47BA-8D20-F88975A7ED7C}.Release 4.0|Any CPU.ActiveCfg = Release|Any CPU
		{9024366D-45C9-47BA-8D20-F88975A7ED7C}.Release 4.0|Any CPU.Build.0 = Release|Any CPU
		{9024366D-45C9-47BA-8D20-F88975A7ED7C}.Release 4.0|Mixed Platforms.ActiveCfg = Release|Any CPU
		{9024366D-45C9-47BA-8D20-F88975A7ED7C}.Release 4.0|Mixed Platforms.Build.0 = Release|Any CPU
		{9024366D-45C9-47BA-8D20-F88975A7ED7C}.Release 4.0|x64.ActiveCfg = Release|Any CPU
		{9024366D-45C9-47BA-8D20-F88975A7ED7C}.Release 4.0|x86.ActiveCfg = Release|Any CPU
		{9024366D-45C9-47BA-8D20-F88975A7ED7C}.Release 4.5|Any CPU.ActiveCfg = Release|Any CPU
		{9024366D-45C9-47BA-8D20-F88975A7ED7C}.Release 4.5|Any CPU.Build.0 = Release|Any CPU
		{9024366D-45C9-47BA-8D20-F88975A7ED7C}.Release 4.5|Mixed Platforms.ActiveCfg = Release|Any CPU
		{9024366D-45C9-47BA-8D20-F88975A7ED7C}.Release 4.5|Mixed Platforms.Build.0 = Release|Any CPU
		{9024366D-45C9-47BA-8D20-F88975A7ED7C}.Release 4.5|x64.ActiveCfg = Release|Any CPU
		{9024366D-45C9-47BA-8D20-F88975A7ED7C}.Release 4.5|x86.ActiveCfg = Release|Any CPU
		{9024366D-45C9-47BA-8D20-F88975A7ED7C}.Release|Any CPU.ActiveCfg = Release|Any CPU
		{9024366D-45C9-47BA-8D20-F88975A7ED7C}.Release|Any CPU.Build.0 = Release|Any CPU
		{9024366D-45C9-47BA-8D20-F88975A7ED7C}.Release|Mixed Platforms.ActiveCfg = Release|Any CPU
		{9024366D-45C9-47BA-8D20-F88975A7ED7C}.Release|Mixed Platforms.Build.0 = Release|Any CPU
		{9024366D-45C9-47BA-8D20-F88975A7ED7C}.Release|x64.ActiveCfg = Release|Any CPU
		{9024366D-45C9-47BA-8D20-F88975A7ED7C}.Release|x86.ActiveCfg = Release|Any CPU
		{39ADB5D3-D6D2-46DC-98DE-871B1F8EC4E7}.Debug|Any CPU.ActiveCfg = Debug|Any CPU
		{39ADB5D3-D6D2-46DC-98DE-871B1F8EC4E7}.Debug|Any CPU.Build.0 = Debug|Any CPU
		{39ADB5D3-D6D2-46DC-98DE-871B1F8EC4E7}.Debug|Mixed Platforms.ActiveCfg = Debug|Any CPU
		{39ADB5D3-D6D2-46DC-98DE-871B1F8EC4E7}.Debug|Mixed Platforms.Build.0 = Debug|Any CPU
		{39ADB5D3-D6D2-46DC-98DE-871B1F8EC4E7}.Debug|x64.ActiveCfg = Debug|Any CPU
		{39ADB5D3-D6D2-46DC-98DE-871B1F8EC4E7}.Debug|x86.ActiveCfg = Debug|Any CPU
		{39ADB5D3-D6D2-46DC-98DE-871B1F8EC4E7}.InstallationRelease|Any CPU.ActiveCfg = InstallationRelease|Any CPU
		{39ADB5D3-D6D2-46DC-98DE-871B1F8EC4E7}.InstallationRelease|Any CPU.Build.0 = InstallationRelease|Any CPU
		{39ADB5D3-D6D2-46DC-98DE-871B1F8EC4E7}.InstallationRelease|Mixed Platforms.ActiveCfg = InstallationRelease|Any CPU
		{39ADB5D3-D6D2-46DC-98DE-871B1F8EC4E7}.InstallationRelease|Mixed Platforms.Build.0 = InstallationRelease|Any CPU
		{39ADB5D3-D6D2-46DC-98DE-871B1F8EC4E7}.InstallationRelease|x64.ActiveCfg = InstallationRelease|Any CPU
		{39ADB5D3-D6D2-46DC-98DE-871B1F8EC4E7}.InstallationRelease|x86.ActiveCfg = InstallationRelease|Any CPU
		{39ADB5D3-D6D2-46DC-98DE-871B1F8EC4E7}.IntegrationTesting|Any CPU.ActiveCfg = InstallationRelease|Any CPU
		{39ADB5D3-D6D2-46DC-98DE-871B1F8EC4E7}.IntegrationTesting|Any CPU.Build.0 = InstallationRelease|Any CPU
		{39ADB5D3-D6D2-46DC-98DE-871B1F8EC4E7}.IntegrationTesting|Mixed Platforms.ActiveCfg = InstallationRelease|Any CPU
		{39ADB5D3-D6D2-46DC-98DE-871B1F8EC4E7}.IntegrationTesting|Mixed Platforms.Build.0 = InstallationRelease|Any CPU
		{39ADB5D3-D6D2-46DC-98DE-871B1F8EC4E7}.IntegrationTesting|x64.ActiveCfg = InstallationRelease|Any CPU
		{39ADB5D3-D6D2-46DC-98DE-871B1F8EC4E7}.IntegrationTesting|x86.ActiveCfg = InstallationRelease|Any CPU
		{39ADB5D3-D6D2-46DC-98DE-871B1F8EC4E7}.Release 4.0|Any CPU.ActiveCfg = Release|Any CPU
		{39ADB5D3-D6D2-46DC-98DE-871B1F8EC4E7}.Release 4.0|Any CPU.Build.0 = Release|Any CPU
		{39ADB5D3-D6D2-46DC-98DE-871B1F8EC4E7}.Release 4.0|Mixed Platforms.ActiveCfg = Release|Any CPU
		{39ADB5D3-D6D2-46DC-98DE-871B1F8EC4E7}.Release 4.0|Mixed Platforms.Build.0 = Release|Any CPU
		{39ADB5D3-D6D2-46DC-98DE-871B1F8EC4E7}.Release 4.0|x64.ActiveCfg = Release|Any CPU
		{39ADB5D3-D6D2-46DC-98DE-871B1F8EC4E7}.Release 4.0|x86.ActiveCfg = Release|Any CPU
		{39ADB5D3-D6D2-46DC-98DE-871B1F8EC4E7}.Release 4.5|Any CPU.ActiveCfg = Release|Any CPU
		{39ADB5D3-D6D2-46DC-98DE-871B1F8EC4E7}.Release 4.5|Any CPU.Build.0 = Release|Any CPU
		{39ADB5D3-D6D2-46DC-98DE-871B1F8EC4E7}.Release 4.5|Mixed Platforms.ActiveCfg = Release|Any CPU
		{39ADB5D3-D6D2-46DC-98DE-871B1F8EC4E7}.Release 4.5|Mixed Platforms.Build.0 = Release|Any CPU
		{39ADB5D3-D6D2-46DC-98DE-871B1F8EC4E7}.Release 4.5|x64.ActiveCfg = Release|Any CPU
		{39ADB5D3-D6D2-46DC-98DE-871B1F8EC4E7}.Release 4.5|x86.ActiveCfg = Release|Any CPU
		{39ADB5D3-D6D2-46DC-98DE-871B1F8EC4E7}.Release|Any CPU.ActiveCfg = Release|Any CPU
		{39ADB5D3-D6D2-46DC-98DE-871B1F8EC4E7}.Release|Any CPU.Build.0 = Release|Any CPU
		{39ADB5D3-D6D2-46DC-98DE-871B1F8EC4E7}.Release|Mixed Platforms.ActiveCfg = Release|Any CPU
		{39ADB5D3-D6D2-46DC-98DE-871B1F8EC4E7}.Release|Mixed Platforms.Build.0 = Release|Any CPU
		{39ADB5D3-D6D2-46DC-98DE-871B1F8EC4E7}.Release|x64.ActiveCfg = Release|Any CPU
		{39ADB5D3-D6D2-46DC-98DE-871B1F8EC4E7}.Release|x86.ActiveCfg = Release|Any CPU
	EndGlobalSection
	GlobalSection(SolutionProperties) = preSolution
		HideSolutionNode = FALSE
	EndGlobalSection
	GlobalSection(NestedProjects) = preSolution
		{35FB72AA-FD92-4A2D-9E52-B5E221687E56} = {0873ABB3-96CD-4F00-A291-D98860388834}
		{050B2CC8-C601-4792-B0B7-50B4514C618B} = {0873ABB3-96CD-4F00-A291-D98860388834}
		{FC2DFA1C-5AB3-482E-A5AE-DAB95DC802C0} = {0873ABB3-96CD-4F00-A291-D98860388834}
		{39ADB5D3-D6D2-46DC-98DE-871B1F8EC4E7} = {0873ABB3-96CD-4F00-A291-D98860388834}
	EndGlobalSection
EndGlobal
